
Microsoft Visual Studio Solution File, Format Version 12.00
# Visual Studio Version 17
VisualStudioVersion = 17.14.36616.10 d17.14
MinimumVisualStudioVersion = 10.0.40219.1
Project("{FAE04EC0-301F-11D3-BF4B-00C04F79EFBC}") = "ELECTIVE_H1_BSIT_32E3_MatigaXyrylleClaire", "ELECTIVE_H1_BSIT_32E3_MatigaXyrylleClaire\ELECTIVE_H1_BSIT_32E3_MatigaXyrylleClaire.csproj", "{F8ECC3CB-9D08-4E2A-9DFE-EFA4932FE550}"
EndProject
Global
	GlobalSection(SolutionConfigurationPlatforms) = preSolution
		Debug|Any CPU = Debug|Any CPU
		Release|Any CPU = Release|Any CPU
	EndGlobalSection
	GlobalSection(ProjectConfigurationPlatforms) = postSolution
		{F8ECC3CB-9D08-4E2A-9DFE-EFA4932FE550}.Debug|Any CPU.ActiveCfg = Debug|Any CPU
		{F8ECC3CB-9D08-4E2A-9DFE-EFA4932FE550}.Debug|Any CPU.Build.0 = Debug|Any CPU
		{F8ECC3CB-9D08-4E2A-9DFE-EFA4932FE550}.Release|Any CPU.ActiveCfg = Release|Any CPU
		{F8ECC3CB-9D08-4E2A-9DFE-EFA4932FE550}.Release|Any CPU.Build.0 = Release|Any CPU
	EndGlobalSection
	GlobalSection(SolutionProperties) = preSolution
		HideSolutionNode = FALSE
	EndGlobalSection
	GlobalSection(ExtensibilityGlobals) = postSolution
		SolutionGuid = {46207A70-DD93-4663-B29F-1234FA5863DF}
	EndGlobalSection
EndGlobal
